
Microsoft Visual Studio Solution File, Format Version 12.00
# Visual Studio 15
VisualStudioVersion = 15.0.27130.2036
MinimumVisualStudioVersion = 10.0.40219.1
Project("{9A19103F-16F7-4668-BE54-9A1E7A4F7556}") = "p01_ConvertFromBase-10toBase-N", "StringsAndTextProcessingExercises\p01_ConvertFromBase-10toBase-N.csproj", "{FFAF6DAD-F240-4AB5-94F4-57E0E478720E}"
EndProject
Project("{FAE04EC0-301F-11D3-BF4B-00C04F79EFBC}") = "p03_UnicodeCharacters", "p03_UnicodeCharacters\p03_UnicodeCharacters.csproj", "{0EDA83BB-7B5F-40F6-9B35-E925B9CBFCA5}"
EndProject
Global
	GlobalSection(SolutionConfigurationPlatforms) = preSolution
		Debug|Any CPU = Debug|Any CPU
		Release|Any CPU = Release|Any CPU
	EndGlobalSection
	GlobalSection(ProjectConfigurationPlatforms) = postSolution
		{FFAF6DAD-F240-4AB5-94F4-57E0E478720E}.Debug|Any CPU.ActiveCfg = Debug|Any CPU
		{FFAF6DAD-F240-4AB5-94F4-57E0E478720E}.Debug|Any CPU.Build.0 = Debug|Any CPU
		{FFAF6DAD-F240-4AB5-94F4-57E0E478720E}.Release|Any CPU.ActiveCfg = Release|Any CPU
		{FFAF6DAD-F240-4AB5-94F4-57E0E478720E}.Release|Any CPU.Build.0 = Release|Any CPU
		{0EDA83BB-7B5F-40F6-9B35-E925B9CBFCA5}.Debug|Any CPU.ActiveCfg = Debug|Any CPU
		{0EDA83BB-7B5F-40F6-9B35-E925B9CBFCA5}.Debug|Any CPU.Build.0 = Debug|Any CPU
		{0EDA83BB-7B5F-40F6-9B35-E925B9CBFCA5}.Release|Any CPU.ActiveCfg = Release|Any CPU
		{0EDA83BB-7B5F-40F6-9B35-E925B9CBFCA5}.Release|Any CPU.Build.0 = Release|Any CPU
	EndGlobalSection
	GlobalSection(SolutionProperties) = preSolution
		HideSolutionNode = FALSE
	EndGlobalSection
	GlobalSection(ExtensibilityGlobals) = postSolution
		SolutionGuid = {348D3F26-65F0-4000-B0B4-4E18454F6B21}
	EndGlobalSection
EndGlobal
