
Microsoft Visual Studio Solution File, Format Version 12.00
# Visual Studio 15
VisualStudioVersion = 15.0.27130.2036
MinimumVisualStudioVersion = 10.0.40219.1
Project("{FAE04EC0-301F-11D3-BF4B-00C04F79EFBC}") = "p01_HelloName", "MethodsDebuggingAndTroubleshootingCodeExercises\p01_HelloName.csproj", "{DE8865A7-C647-4142-BA37-C3137D74C873}"
EndProject
Project("{FAE04EC0-301F-11D3-BF4B-00C04F79EFBC}") = "p02_MaxMethod", "MaxMethod\p02_MaxMethod.csproj", "{98834762-FA11-4531-B606-716D1D9220D2}"
EndProject
Project("{FAE04EC0-301F-11D3-BF4B-00C04F79EFBC}") = "p03_EnglishNameOfTheLastDigit", "p03_EnglishNameOfTheLastDigit\p03_EnglishNameOfTheLastDigit.csproj", "{EBFD0A55-B7DE-4076-B314-6BD2F28D270F}"
EndProject
Project("{FAE04EC0-301F-11D3-BF4B-00C04F79EFBC}") = "p04_NumbersInReversedOrder", "p04_NumbersInReversedOrder\p04_NumbersInReversedOrder.csproj", "{4A347F18-19B9-4EDE-8830-E54EF831464D}"
EndProject
Project("{FAE04EC0-301F-11D3-BF4B-00C04F79EFBC}") = "p05_FibonacciNumbers", "p05_FibonacciNumbers\p05_FibonacciNumbers.csproj", "{75BD4A60-9ABB-4F75-BE75-DB51FD5CA31B}"
EndProject
Project("{FAE04EC0-301F-11D3-BF4B-00C04F79EFBC}") = "p06_PrimeChecker", "p06_PrimeChecker\p06_PrimeChecker.csproj", "{30E7B53D-77D0-4FFD-938D-E614ED4B63B7}"
EndProject
Project("{FAE04EC0-301F-11D3-BF4B-00C04F79EFBC}") = "p07_PrimesInGivenRange", "p07_PrimesInGivenRange\p07_PrimesInGivenRange.csproj", "{149AFCCB-CEAD-4EC4-9DFC-8B1AF1C96903}"
EndProject
Project("{FAE04EC0-301F-11D3-BF4B-00C04F79EFBC}") = "p10_CubeProperties", "p10_CubeProperties\p10_CubeProperties.csproj", "{9C24051A-0554-43BA-BCAE-E930101CA297}"
EndProject
Project("{FAE04EC0-301F-11D3-BF4B-00C04F79EFBC}") = "p11_GeometryCalculator", "p11_GeometryCalculator\p11_GeometryCalculator.csproj", "{4FCF7F15-D011-40C7-BCE7-692B13C7D155}"
EndProject
Project("{FAE04EC0-301F-11D3-BF4B-00C04F79EFBC}") = "p12_MasterNumbers", "p12_MasterNumbers\p12_MasterNumbers.csproj", "{59CF00E6-C113-4F0E-A5E8-F412BD9C48C0}"
EndProject
Project("{FAE04EC0-301F-11D3-BF4B-00C04F79EFBC}") = "p13_Factorial", "p13_Factorial\p13_Factorial.csproj", "{8C6C6DE4-509A-4050-9725-432F5926FD01}"
EndProject
Project("{FAE04EC0-301F-11D3-BF4B-00C04F79EFBC}") = "p14_Substring", "p14_Substring\p14_Substring.csproj", "{3C7E445B-2A84-419B-9C1D-EE9F75072388}"
EndProject
Project("{FAE04EC0-301F-11D3-BF4B-00C04F79EFBC}") = "p15_InstructionSet", "p15_InstructionSet\p15_InstructionSet.csproj", "{FA99E69F-6FB2-4CE8-853D-B837A99D4FAD}"
EndProject
Global
	GlobalSection(SolutionConfigurationPlatforms) = preSolution
		Debug|Any CPU = Debug|Any CPU
		Release|Any CPU = Release|Any CPU
	EndGlobalSection
	GlobalSection(ProjectConfigurationPlatforms) = postSolution
		{DE8865A7-C647-4142-BA37-C3137D74C873}.Debug|Any CPU.ActiveCfg = Debug|Any CPU
		{DE8865A7-C647-4142-BA37-C3137D74C873}.Debug|Any CPU.Build.0 = Debug|Any CPU
		{DE8865A7-C647-4142-BA37-C3137D74C873}.Release|Any CPU.ActiveCfg = Release|Any CPU
		{DE8865A7-C647-4142-BA37-C3137D74C873}.Release|Any CPU.Build.0 = Release|Any CPU
		{98834762-FA11-4531-B606-716D1D9220D2}.Debug|Any CPU.ActiveCfg = Debug|Any CPU
		{98834762-FA11-4531-B606-716D1D9220D2}.Debug|Any CPU.Build.0 = Debug|Any CPU
		{98834762-FA11-4531-B606-716D1D9220D2}.Release|Any CPU.ActiveCfg = Release|Any CPU
		{98834762-FA11-4531-B606-716D1D9220D2}.Release|Any CPU.Build.0 = Release|Any CPU
		{EBFD0A55-B7DE-4076-B314-6BD2F28D270F}.Debug|Any CPU.ActiveCfg = Debug|Any CPU
		{EBFD0A55-B7DE-4076-B314-6BD2F28D270F}.Debug|Any CPU.Build.0 = Debug|Any CPU
		{EBFD0A55-B7DE-4076-B314-6BD2F28D270F}.Release|Any CPU.ActiveCfg = Release|Any CPU
		{EBFD0A55-B7DE-4076-B314-6BD2F28D270F}.Release|Any CPU.Build.0 = Release|Any CPU
		{4A347F18-19B9-4EDE-8830-E54EF831464D}.Debug|Any CPU.ActiveCfg = Debug|Any CPU
		{4A347F18-19B9-4EDE-8830-E54EF831464D}.Debug|Any CPU.Build.0 = Debug|Any CPU
		{4A347F18-19B9-4EDE-8830-E54EF831464D}.Release|Any CPU.ActiveCfg = Release|Any CPU
		{4A347F18-19B9-4EDE-8830-E54EF831464D}.Release|Any CPU.Build.0 = Release|Any CPU
		{75BD4A60-9ABB-4F75-BE75-DB51FD5CA31B}.Debug|Any CPU.ActiveCfg = Debug|Any CPU
		{75BD4A60-9ABB-4F75-BE75-DB51FD5CA31B}.Debug|Any CPU.Build.0 = Debug|Any CPU
		{75BD4A60-9ABB-4F75-BE75-DB51FD5CA31B}.Release|Any CPU.ActiveCfg = Release|Any CPU
		{75BD4A60-9ABB-4F75-BE75-DB51FD5CA31B}.Release|Any CPU.Build.0 = Release|Any CPU
		{30E7B53D-77D0-4FFD-938D-E614ED4B63B7}.Debug|Any CPU.ActiveCfg = Debug|Any CPU
		{30E7B53D-77D0-4FFD-938D-E614ED4B63B7}.Debug|Any CPU.Build.0 = Debug|Any CPU
		{30E7B53D-77D0-4FFD-938D-E614ED4B63B7}.Release|Any CPU.ActiveCfg = Release|Any CPU
		{30E7B53D-77D0-4FFD-938D-E614ED4B63B7}.Release|Any CPU.Build.0 = Release|Any CPU
		{149AFCCB-CEAD-4EC4-9DFC-8B1AF1C96903}.Debug|Any CPU.ActiveCfg = Debug|Any CPU
		{149AFCCB-CEAD-4EC4-9DFC-8B1AF1C96903}.Debug|Any CPU.Build.0 = Debug|Any CPU
		{149AFCCB-CEAD-4EC4-9DFC-8B1AF1C96903}.Release|Any CPU.ActiveCfg = Release|Any CPU
		{149AFCCB-CEAD-4EC4-9DFC-8B1AF1C96903}.Release|Any CPU.Build.0 = Release|Any CPU
		{9C24051A-0554-43BA-BCAE-E930101CA297}.Debug|Any CPU.ActiveCfg = Debug|Any CPU
		{9C24051A-0554-43BA-BCAE-E930101CA297}.Debug|Any CPU.Build.0 = Debug|Any CPU
		{9C24051A-0554-43BA-BCAE-E930101CA297}.Release|Any CPU.ActiveCfg = Release|Any CPU
		{9C24051A-0554-43BA-BCAE-E930101CA297}.Release|Any CPU.Build.0 = Release|Any CPU
		{4FCF7F15-D011-40C7-BCE7-692B13C7D155}.Debug|Any CPU.ActiveCfg = Debug|Any CPU
		{4FCF7F15-D011-40C7-BCE7-692B13C7D155}.Debug|Any CPU.Build.0 = Debug|Any CPU
		{4FCF7F15-D011-40C7-BCE7-692B13C7D155}.Release|Any CPU.ActiveCfg = Release|Any CPU
		{4FCF7F15-D011-40C7-BCE7-692B13C7D155}.Release|Any CPU.Build.0 = Release|Any CPU
		{59CF00E6-C113-4F0E-A5E8-F412BD9C48C0}.Debug|Any CPU.ActiveCfg = Debug|Any CPU
		{59CF00E6-C113-4F0E-A5E8-F412BD9C48C0}.Debug|Any CPU.Build.0 = Debug|Any CPU
		{59CF00E6-C113-4F0E-A5E8-F412BD9C48C0}.Release|Any CPU.ActiveCfg = Release|Any CPU
		{59CF00E6-C113-4F0E-A5E8-F412BD9C48C0}.Release|Any CPU.Build.0 = Release|Any CPU
		{8C6C6DE4-509A-4050-9725-432F5926FD01}.Debug|Any CPU.ActiveCfg = Debug|Any CPU
		{8C6C6DE4-509A-4050-9725-432F5926FD01}.Debug|Any CPU.Build.0 = Debug|Any CPU
		{8C6C6DE4-509A-4050-9725-432F5926FD01}.Release|Any CPU.ActiveCfg = Release|Any CPU
		{8C6C6DE4-509A-4050-9725-432F5926FD01}.Release|Any CPU.Build.0 = Release|Any CPU
		{3C7E445B-2A84-419B-9C1D-EE9F75072388}.Debug|Any CPU.ActiveCfg = Debug|Any CPU
		{3C7E445B-2A84-419B-9C1D-EE9F75072388}.Debug|Any CPU.Build.0 = Debug|Any CPU
		{3C7E445B-2A84-419B-9C1D-EE9F75072388}.Release|Any CPU.ActiveCfg = Release|Any CPU
		{3C7E445B-2A84-419B-9C1D-EE9F75072388}.Release|Any CPU.Build.0 = Release|Any CPU
		{FA99E69F-6FB2-4CE8-853D-B837A99D4FAD}.Debug|Any CPU.ActiveCfg = Debug|Any CPU
		{FA99E69F-6FB2-4CE8-853D-B837A99D4FAD}.Debug|Any CPU.Build.0 = Debug|Any CPU
		{FA99E69F-6FB2-4CE8-853D-B837A99D4FAD}.Release|Any CPU.ActiveCfg = Release|Any CPU
		{FA99E69F-6FB2-4CE8-853D-B837A99D4FAD}.Release|Any CPU.Build.0 = Release|Any CPU
	EndGlobalSection
	GlobalSection(SolutionProperties) = preSolution
		HideSolutionNode = FALSE
	EndGlobalSection
	GlobalSection(ExtensibilityGlobals) = postSolution
		SolutionGuid = {31809BC0-AA49-495D-9F57-F183203165C0}
	EndGlobalSection
EndGlobal
