
Microsoft Visual Studio Solution File, Format Version 12.00
# Visual Studio 15
VisualStudioVersion = 15.0.27428.2043
MinimumVisualStudioVersion = 10.0.40219.1
Project("{9A19103F-16F7-4668-BE54-9A1E7A4F7556}") = "p01_Wormtest", "ProgFundExtExamApril30th\p01_Wormtest.csproj", "{431171CB-D443-4B9B-BA63-F9773D79955C}"
EndProject
Project("{9A19103F-16F7-4668-BE54-9A1E7A4F7556}") = "p02_WormIpsum", "p02_WormIpsum\p02_WormIpsum.csproj", "{5AF0AB90-BDB0-4BD3-878C-6D3C5968B74E}"
EndProject
Project("{9A19103F-16F7-4668-BE54-9A1E7A4F7556}") = "p03_Wormhole", "p03_Wormhole\p03_Wormhole.csproj", "{7F17CF7C-38A5-4165-9052-6042AD6F6FF9}"
EndProject
Project("{FAE04EC0-301F-11D3-BF4B-00C04F79EFBC}") = "p04_WormsWorldParty", "p04_WormsWorldParty\p04_WormsWorldParty.csproj", "{7912A328-9217-4EB4-9614-54CF7ABFD1BF}"
EndProject
Global
	GlobalSection(SolutionConfigurationPlatforms) = preSolution
		Debug|Any CPU = Debug|Any CPU
		Release|Any CPU = Release|Any CPU
	EndGlobalSection
	GlobalSection(ProjectConfigurationPlatforms) = postSolution
		{431171CB-D443-4B9B-BA63-F9773D79955C}.Debug|Any CPU.ActiveCfg = Debug|Any CPU
		{431171CB-D443-4B9B-BA63-F9773D79955C}.Debug|Any CPU.Build.0 = Debug|Any CPU
		{431171CB-D443-4B9B-BA63-F9773D79955C}.Release|Any CPU.ActiveCfg = Release|Any CPU
		{431171CB-D443-4B9B-BA63-F9773D79955C}.Release|Any CPU.Build.0 = Release|Any CPU
		{5AF0AB90-BDB0-4BD3-878C-6D3C5968B74E}.Debug|Any CPU.ActiveCfg = Debug|Any CPU
		{5AF0AB90-BDB0-4BD3-878C-6D3C5968B74E}.Debug|Any CPU.Build.0 = Debug|Any CPU
		{5AF0AB90-BDB0-4BD3-878C-6D3C5968B74E}.Release|Any CPU.ActiveCfg = Release|Any CPU
		{5AF0AB90-BDB0-4BD3-878C-6D3C5968B74E}.Release|Any CPU.Build.0 = Release|Any CPU
		{7F17CF7C-38A5-4165-9052-6042AD6F6FF9}.Debug|Any CPU.ActiveCfg = Debug|Any CPU
		{7F17CF7C-38A5-4165-9052-6042AD6F6FF9}.Debug|Any CPU.Build.0 = Debug|Any CPU
		{7F17CF7C-38A5-4165-9052-6042AD6F6FF9}.Release|Any CPU.ActiveCfg = Release|Any CPU
		{7F17CF7C-38A5-4165-9052-6042AD6F6FF9}.Release|Any CPU.Build.0 = Release|Any CPU
		{7912A328-9217-4EB4-9614-54CF7ABFD1BF}.Debug|Any CPU.ActiveCfg = Debug|Any CPU
		{7912A328-9217-4EB4-9614-54CF7ABFD1BF}.Debug|Any CPU.Build.0 = Debug|Any CPU
		{7912A328-9217-4EB4-9614-54CF7ABFD1BF}.Release|Any CPU.ActiveCfg = Release|Any CPU
		{7912A328-9217-4EB4-9614-54CF7ABFD1BF}.Release|Any CPU.Build.0 = Release|Any CPU
	EndGlobalSection
	GlobalSection(SolutionProperties) = preSolution
		HideSolutionNode = FALSE
	EndGlobalSection
	GlobalSection(ExtensibilityGlobals) = postSolution
		SolutionGuid = {FA649B2C-82D8-434B-B3D5-EC546A1B2274}
	EndGlobalSection
EndGlobal
