
Microsoft Visual Studio Solution File, Format Version 12.00
# Visual Studio 15
VisualStudioVersion = 15.0.27130.2036
MinimumVisualStudioVersion = 10.0.40219.1
Project("{9A19103F-16F7-4668-BE54-9A1E7A4F7556}") = "p01_LargestCommonEnd", "ArraysExercises\p01_LargestCommonEnd.csproj", "{C38208F7-BBD8-4E09-ABD4-12FD56E9E180}"
EndProject
Project("{9A19103F-16F7-4668-BE54-9A1E7A4F7556}") = "p03_FoldAndSum", "p03_FoldAndSum\p03_FoldAndSum.csproj", "{17674AF1-1DC8-464E-8862-AADF16BBBB7D}"
EndProject
Project("{9A19103F-16F7-4668-BE54-9A1E7A4F7556}") = "p02_RotateAndSum", "p02_RotateAndSum\p02_RotateAndSum.csproj", "{D39197A1-568B-4383-88F8-DAF2A20FA24D}"
EndProject
Project("{FAE04EC0-301F-11D3-BF4B-00C04F79EFBC}") = "p11_EqualSums", "p11_EqualSums\p11_EqualSums.csproj", "{7399F500-E4D9-4B40-85B2-5297582C6226}"
EndProject
Project("{FAE04EC0-301F-11D3-BF4B-00C04F79EFBC}") = "p04_SieveOfEratosthenes", "p04_SieveOfEratosthenes\p04_SieveOfEratosthenes.csproj", "{A4A816AF-B915-4D8B-99C9-AC72969F1170}"
EndProject
Global
	GlobalSection(SolutionConfigurationPlatforms) = preSolution
		Debug|Any CPU = Debug|Any CPU
		Release|Any CPU = Release|Any CPU
	EndGlobalSection
	GlobalSection(ProjectConfigurationPlatforms) = postSolution
		{C38208F7-BBD8-4E09-ABD4-12FD56E9E180}.Debug|Any CPU.ActiveCfg = Debug|Any CPU
		{C38208F7-BBD8-4E09-ABD4-12FD56E9E180}.Debug|Any CPU.Build.0 = Debug|Any CPU
		{C38208F7-BBD8-4E09-ABD4-12FD56E9E180}.Release|Any CPU.ActiveCfg = Release|Any CPU
		{C38208F7-BBD8-4E09-ABD4-12FD56E9E180}.Release|Any CPU.Build.0 = Release|Any CPU
		{17674AF1-1DC8-464E-8862-AADF16BBBB7D}.Debug|Any CPU.ActiveCfg = Debug|Any CPU
		{17674AF1-1DC8-464E-8862-AADF16BBBB7D}.Debug|Any CPU.Build.0 = Debug|Any CPU
		{17674AF1-1DC8-464E-8862-AADF16BBBB7D}.Release|Any CPU.ActiveCfg = Release|Any CPU
		{17674AF1-1DC8-464E-8862-AADF16BBBB7D}.Release|Any CPU.Build.0 = Release|Any CPU
		{D39197A1-568B-4383-88F8-DAF2A20FA24D}.Debug|Any CPU.ActiveCfg = Debug|Any CPU
		{D39197A1-568B-4383-88F8-DAF2A20FA24D}.Debug|Any CPU.Build.0 = Debug|Any CPU
		{D39197A1-568B-4383-88F8-DAF2A20FA24D}.Release|Any CPU.ActiveCfg = Release|Any CPU
		{D39197A1-568B-4383-88F8-DAF2A20FA24D}.Release|Any CPU.Build.0 = Release|Any CPU
		{7399F500-E4D9-4B40-85B2-5297582C6226}.Debug|Any CPU.ActiveCfg = Debug|Any CPU
		{7399F500-E4D9-4B40-85B2-5297582C6226}.Debug|Any CPU.Build.0 = Debug|Any CPU
		{7399F500-E4D9-4B40-85B2-5297582C6226}.Release|Any CPU.ActiveCfg = Release|Any CPU
		{7399F500-E4D9-4B40-85B2-5297582C6226}.Release|Any CPU.Build.0 = Release|Any CPU
		{A4A816AF-B915-4D8B-99C9-AC72969F1170}.Debug|Any CPU.ActiveCfg = Debug|Any CPU
		{A4A816AF-B915-4D8B-99C9-AC72969F1170}.Debug|Any CPU.Build.0 = Debug|Any CPU
		{A4A816AF-B915-4D8B-99C9-AC72969F1170}.Release|Any CPU.ActiveCfg = Release|Any CPU
		{A4A816AF-B915-4D8B-99C9-AC72969F1170}.Release|Any CPU.Build.0 = Release|Any CPU
	EndGlobalSection
	GlobalSection(SolutionProperties) = preSolution
		HideSolutionNode = FALSE
	EndGlobalSection
	GlobalSection(ExtensibilityGlobals) = postSolution
		SolutionGuid = {33A1E00E-E12F-4A85-A315-8ABD833B60FC}
	EndGlobalSection
EndGlobal
