
Microsoft Visual Studio Solution File, Format Version 12.00
# Visual Studio 15
VisualStudioVersion = 15.0.27428.2027
MinimumVisualStudioVersion = 10.0.40219.1
Project("{FAE04EC0-301F-11D3-BF4B-00C04F79EFBC}") = "p01_SweetDessert", "ProgFundExamPrep4\p01_SweetDessert.csproj", "{027D7580-C2C2-43BF-AA60-EF79429A06C7}"
EndProject
Project("{FAE04EC0-301F-11D3-BF4B-00C04F79EFBC}") = "p02_ArrayManipulator", "p02_ArrayManipulator\p02_ArrayManipulator.csproj", "{ABBFA26F-87A7-48C1-95AB-CDE49B0601B9}"
EndProject
Project("{FAE04EC0-301F-11D3-BF4B-00C04F79EFBC}") = "p03_FootballStandings", "p03_FootballStandings\p03_FootballStandings.csproj", "{69C65B9D-B904-4E16-A9B1-40EF2364AFD9}"
EndProject
Project("{FAE04EC0-301F-11D3-BF4B-00C04F79EFBC}") = "p04_CubicsMessages", "p04_CubicsMessages\p04_CubicsMessages.csproj", "{6FCFAAE8-75BF-4F50-BF5D-258C0986052F}"
EndProject
Global
	GlobalSection(SolutionConfigurationPlatforms) = preSolution
		Debug|Any CPU = Debug|Any CPU
		Release|Any CPU = Release|Any CPU
	EndGlobalSection
	GlobalSection(ProjectConfigurationPlatforms) = postSolution
		{027D7580-C2C2-43BF-AA60-EF79429A06C7}.Debug|Any CPU.ActiveCfg = Debug|Any CPU
		{027D7580-C2C2-43BF-AA60-EF79429A06C7}.Debug|Any CPU.Build.0 = Debug|Any CPU
		{027D7580-C2C2-43BF-AA60-EF79429A06C7}.Release|Any CPU.ActiveCfg = Release|Any CPU
		{027D7580-C2C2-43BF-AA60-EF79429A06C7}.Release|Any CPU.Build.0 = Release|Any CPU
		{ABBFA26F-87A7-48C1-95AB-CDE49B0601B9}.Debug|Any CPU.ActiveCfg = Debug|Any CPU
		{ABBFA26F-87A7-48C1-95AB-CDE49B0601B9}.Debug|Any CPU.Build.0 = Debug|Any CPU
		{ABBFA26F-87A7-48C1-95AB-CDE49B0601B9}.Release|Any CPU.ActiveCfg = Release|Any CPU
		{ABBFA26F-87A7-48C1-95AB-CDE49B0601B9}.Release|Any CPU.Build.0 = Release|Any CPU
		{69C65B9D-B904-4E16-A9B1-40EF2364AFD9}.Debug|Any CPU.ActiveCfg = Debug|Any CPU
		{69C65B9D-B904-4E16-A9B1-40EF2364AFD9}.Debug|Any CPU.Build.0 = Debug|Any CPU
		{69C65B9D-B904-4E16-A9B1-40EF2364AFD9}.Release|Any CPU.ActiveCfg = Release|Any CPU
		{69C65B9D-B904-4E16-A9B1-40EF2364AFD9}.Release|Any CPU.Build.0 = Release|Any CPU
		{6FCFAAE8-75BF-4F50-BF5D-258C0986052F}.Debug|Any CPU.ActiveCfg = Debug|Any CPU
		{6FCFAAE8-75BF-4F50-BF5D-258C0986052F}.Debug|Any CPU.Build.0 = Debug|Any CPU
		{6FCFAAE8-75BF-4F50-BF5D-258C0986052F}.Release|Any CPU.ActiveCfg = Release|Any CPU
		{6FCFAAE8-75BF-4F50-BF5D-258C0986052F}.Release|Any CPU.Build.0 = Release|Any CPU
	EndGlobalSection
	GlobalSection(SolutionProperties) = preSolution
		HideSolutionNode = FALSE
	EndGlobalSection
	GlobalSection(ExtensibilityGlobals) = postSolution
		SolutionGuid = {8E6AFBCC-FC8E-4365-A28F-76E496DC183C}
	EndGlobalSection
EndGlobal
