
Microsoft Visual Studio Solution File, Format Version 12.00
# Visual Studio 15
VisualStudioVersion = 15.0.27130.2036
MinimumVisualStudioVersion = 10.0.40219.1
Project("{FAE04EC0-301F-11D3-BF4B-00C04F79EFBC}") = "p01_OrderByAge", "ObjectsAndClassesMoreExercises\p01_OrderByAge.csproj", "{C1C6A7E4-08A7-4727-AE18-FCDA6EBEA469}"
EndProject
Project("{FAE04EC0-301F-11D3-BF4B-00C04F79EFBC}") = "p02_VehicleCatalogue", "p02_VehicleCatalogue\p02_VehicleCatalogue.csproj", "{B9A514B0-A353-4A1C-BEE6-61FF54DC2BBE}"
EndProject
Global
	GlobalSection(SolutionConfigurationPlatforms) = preSolution
		Debug|Any CPU = Debug|Any CPU
		Release|Any CPU = Release|Any CPU
	EndGlobalSection
	GlobalSection(ProjectConfigurationPlatforms) = postSolution
		{C1C6A7E4-08A7-4727-AE18-FCDA6EBEA469}.Debug|Any CPU.ActiveCfg = Debug|Any CPU
		{C1C6A7E4-08A7-4727-AE18-FCDA6EBEA469}.Debug|Any CPU.Build.0 = Debug|Any CPU
		{C1C6A7E4-08A7-4727-AE18-FCDA6EBEA469}.Release|Any CPU.ActiveCfg = Release|Any CPU
		{C1C6A7E4-08A7-4727-AE18-FCDA6EBEA469}.Release|Any CPU.Build.0 = Release|Any CPU
		{B9A514B0-A353-4A1C-BEE6-61FF54DC2BBE}.Debug|Any CPU.ActiveCfg = Debug|Any CPU
		{B9A514B0-A353-4A1C-BEE6-61FF54DC2BBE}.Debug|Any CPU.Build.0 = Debug|Any CPU
		{B9A514B0-A353-4A1C-BEE6-61FF54DC2BBE}.Release|Any CPU.ActiveCfg = Release|Any CPU
		{B9A514B0-A353-4A1C-BEE6-61FF54DC2BBE}.Release|Any CPU.Build.0 = Release|Any CPU
	EndGlobalSection
	GlobalSection(SolutionProperties) = preSolution
		HideSolutionNode = FALSE
	EndGlobalSection
	GlobalSection(ExtensibilityGlobals) = postSolution
		SolutionGuid = {B72016AD-1F51-4B3F-8616-4A0253FD2013}
	EndGlobalSection
EndGlobal
