
Microsoft Visual Studio Solution File, Format Version 12.00
# Visual Studio 15
VisualStudioVersion = 15.0.27428.2027
MinimumVisualStudioVersion = 10.0.40219.1
Project("{9A19103F-16F7-4668-BE54-9A1E7A4F7556}") = "p01_Snowballs", "ProgFundRetakeExamJan5th\p01_Snowballs.csproj", "{66309C50-C751-4EC7-8023-5B6A2EDB5AC1}"
EndProject
Project("{9A19103F-16F7-4668-BE54-9A1E7A4F7556}") = "p02_Snowmen", "p02_Snowmen\p02_Snowmen.csproj", "{2AB7AF01-3C6A-4799-A666-494FB3BDC504}"
EndProject
Project("{9A19103F-16F7-4668-BE54-9A1E7A4F7556}") = "p02_Snowmen2", "p02_Snowman2\p02_Snowmen2.csproj", "{431695BB-0D39-4645-9D98-9DDDBF3CC31D}"
EndProject
Project("{9A19103F-16F7-4668-BE54-9A1E7A4F7556}") = "p03_Snowflake", "p03_Snowflake\p03_Snowflake.csproj", "{7CA4BE73-EAA1-4656-9791-926FA6D60DA7}"
EndProject
Project("{9A19103F-16F7-4668-BE54-9A1E7A4F7556}") = "p04_Snowwhite", "p04_Snowwhite\p04_Snowwhite.csproj", "{DD486298-EFD5-4174-83BE-A7411591677E}"
EndProject
Project("{FAE04EC0-301F-11D3-BF4B-00C04F79EFBC}") = "p04_Snowwhite2", "p04_Snowwhite2\p04_Snowwhite2.csproj", "{AA625CF7-6FDE-49F6-834B-0DFB7CC81DA4}"
EndProject
Global
	GlobalSection(SolutionConfigurationPlatforms) = preSolution
		Debug|Any CPU = Debug|Any CPU
		Release|Any CPU = Release|Any CPU
	EndGlobalSection
	GlobalSection(ProjectConfigurationPlatforms) = postSolution
		{66309C50-C751-4EC7-8023-5B6A2EDB5AC1}.Debug|Any CPU.ActiveCfg = Debug|Any CPU
		{66309C50-C751-4EC7-8023-5B6A2EDB5AC1}.Debug|Any CPU.Build.0 = Debug|Any CPU
		{66309C50-C751-4EC7-8023-5B6A2EDB5AC1}.Release|Any CPU.ActiveCfg = Release|Any CPU
		{66309C50-C751-4EC7-8023-5B6A2EDB5AC1}.Release|Any CPU.Build.0 = Release|Any CPU
		{2AB7AF01-3C6A-4799-A666-494FB3BDC504}.Debug|Any CPU.ActiveCfg = Debug|Any CPU
		{2AB7AF01-3C6A-4799-A666-494FB3BDC504}.Debug|Any CPU.Build.0 = Debug|Any CPU
		{2AB7AF01-3C6A-4799-A666-494FB3BDC504}.Release|Any CPU.ActiveCfg = Release|Any CPU
		{2AB7AF01-3C6A-4799-A666-494FB3BDC504}.Release|Any CPU.Build.0 = Release|Any CPU
		{431695BB-0D39-4645-9D98-9DDDBF3CC31D}.Debug|Any CPU.ActiveCfg = Debug|Any CPU
		{431695BB-0D39-4645-9D98-9DDDBF3CC31D}.Debug|Any CPU.Build.0 = Debug|Any CPU
		{431695BB-0D39-4645-9D98-9DDDBF3CC31D}.Release|Any CPU.ActiveCfg = Release|Any CPU
		{431695BB-0D39-4645-9D98-9DDDBF3CC31D}.Release|Any CPU.Build.0 = Release|Any CPU
		{7CA4BE73-EAA1-4656-9791-926FA6D60DA7}.Debug|Any CPU.ActiveCfg = Debug|Any CPU
		{7CA4BE73-EAA1-4656-9791-926FA6D60DA7}.Debug|Any CPU.Build.0 = Debug|Any CPU
		{7CA4BE73-EAA1-4656-9791-926FA6D60DA7}.Release|Any CPU.ActiveCfg = Release|Any CPU
		{7CA4BE73-EAA1-4656-9791-926FA6D60DA7}.Release|Any CPU.Build.0 = Release|Any CPU
		{DD486298-EFD5-4174-83BE-A7411591677E}.Debug|Any CPU.ActiveCfg = Debug|Any CPU
		{DD486298-EFD5-4174-83BE-A7411591677E}.Debug|Any CPU.Build.0 = Debug|Any CPU
		{DD486298-EFD5-4174-83BE-A7411591677E}.Release|Any CPU.ActiveCfg = Release|Any CPU
		{DD486298-EFD5-4174-83BE-A7411591677E}.Release|Any CPU.Build.0 = Release|Any CPU
		{AA625CF7-6FDE-49F6-834B-0DFB7CC81DA4}.Debug|Any CPU.ActiveCfg = Debug|Any CPU
		{AA625CF7-6FDE-49F6-834B-0DFB7CC81DA4}.Debug|Any CPU.Build.0 = Debug|Any CPU
		{AA625CF7-6FDE-49F6-834B-0DFB7CC81DA4}.Release|Any CPU.ActiveCfg = Release|Any CPU
		{AA625CF7-6FDE-49F6-834B-0DFB7CC81DA4}.Release|Any CPU.Build.0 = Release|Any CPU
	EndGlobalSection
	GlobalSection(SolutionProperties) = preSolution
		HideSolutionNode = FALSE
	EndGlobalSection
	GlobalSection(ExtensibilityGlobals) = postSolution
		SolutionGuid = {D6135F4B-C117-4F9E-B48C-70E6A5938101}
	EndGlobalSection
EndGlobal
