
Microsoft Visual Studio Solution File, Format Version 12.00
# Visual Studio 15
VisualStudioVersion = 15.0.27428.2027
MinimumVisualStudioVersion = 10.0.40219.1
Project("{FAE04EC0-301F-11D3-BF4B-00C04F79EFBC}") = "p01_AnonymousDownsite", "ProgFundExamNov5th\p01_AnonymousDownsite.csproj", "{4B82762F-7035-4DBD-A445-B8A95666554D}"
EndProject
Project("{FAE04EC0-301F-11D3-BF4B-00C04F79EFBC}") = "p02_AnonymousThreat", "p02_AnonymousThreat\p02_AnonymousThreat.csproj", "{8E7E090D-F3A5-4669-8792-362210702025}"
EndProject
Project("{FAE04EC0-301F-11D3-BF4B-00C04F79EFBC}") = "p03_AnonymousVox", "p03_AnonymousVox\p03_AnonymousVox.csproj", "{6BE852BA-8946-49F7-8D52-C4E67B40C719}"
EndProject
Project("{FAE04EC0-301F-11D3-BF4B-00C04F79EFBC}") = "p04_AnonymousCache", "p04_AnonymousCache\p04_AnonymousCache.csproj", "{5D0297A4-7552-46F4-9A81-83FE725E3BBD}"
EndProject
Global
	GlobalSection(SolutionConfigurationPlatforms) = preSolution
		Debug|Any CPU = Debug|Any CPU
		Release|Any CPU = Release|Any CPU
	EndGlobalSection
	GlobalSection(ProjectConfigurationPlatforms) = postSolution
		{4B82762F-7035-4DBD-A445-B8A95666554D}.Debug|Any CPU.ActiveCfg = Debug|Any CPU
		{4B82762F-7035-4DBD-A445-B8A95666554D}.Debug|Any CPU.Build.0 = Debug|Any CPU
		{4B82762F-7035-4DBD-A445-B8A95666554D}.Release|Any CPU.ActiveCfg = Release|Any CPU
		{4B82762F-7035-4DBD-A445-B8A95666554D}.Release|Any CPU.Build.0 = Release|Any CPU
		{8E7E090D-F3A5-4669-8792-362210702025}.Debug|Any CPU.ActiveCfg = Debug|Any CPU
		{8E7E090D-F3A5-4669-8792-362210702025}.Debug|Any CPU.Build.0 = Debug|Any CPU
		{8E7E090D-F3A5-4669-8792-362210702025}.Release|Any CPU.ActiveCfg = Release|Any CPU
		{8E7E090D-F3A5-4669-8792-362210702025}.Release|Any CPU.Build.0 = Release|Any CPU
		{6BE852BA-8946-49F7-8D52-C4E67B40C719}.Debug|Any CPU.ActiveCfg = Debug|Any CPU
		{6BE852BA-8946-49F7-8D52-C4E67B40C719}.Debug|Any CPU.Build.0 = Debug|Any CPU
		{6BE852BA-8946-49F7-8D52-C4E67B40C719}.Release|Any CPU.ActiveCfg = Release|Any CPU
		{6BE852BA-8946-49F7-8D52-C4E67B40C719}.Release|Any CPU.Build.0 = Release|Any CPU
		{5D0297A4-7552-46F4-9A81-83FE725E3BBD}.Debug|Any CPU.ActiveCfg = Debug|Any CPU
		{5D0297A4-7552-46F4-9A81-83FE725E3BBD}.Debug|Any CPU.Build.0 = Debug|Any CPU
		{5D0297A4-7552-46F4-9A81-83FE725E3BBD}.Release|Any CPU.ActiveCfg = Release|Any CPU
		{5D0297A4-7552-46F4-9A81-83FE725E3BBD}.Release|Any CPU.Build.0 = Release|Any CPU
	EndGlobalSection
	GlobalSection(SolutionProperties) = preSolution
		HideSolutionNode = FALSE
	EndGlobalSection
	GlobalSection(ExtensibilityGlobals) = postSolution
		SolutionGuid = {32ACF77E-C2EB-44CC-B55E-48A0554185A4}
	EndGlobalSection
EndGlobal
