
Microsoft Visual Studio Solution File, Format Version 12.00
# Visual Studio 15
VisualStudioVersion = 15.0.27428.2043
MinimumVisualStudioVersion = 10.0.40219.1
Project("{FAE04EC0-301F-11D3-BF4B-00C04F79EFBC}") = "p01_Trainers", "ProgFundExtExamAugust20th\p01_Trainers.csproj", "{14ECE326-EE64-460C-B2EB-27E4234A80B4}"
EndProject
Project("{FAE04EC0-301F-11D3-BF4B-00C04F79EFBC}") = "p02_Entertain", "p02_Entertain\p02_Entertain.csproj", "{45D38DCF-7608-45E9-8910-916A5AE27C60}"
EndProject
Project("{FAE04EC0-301F-11D3-BF4B-00C04F79EFBC}") = "p03_Trainegram", "p03_Trainegram\p03_Trainegram.csproj", "{AC9A20C8-7EC0-40DB-836B-E0968EF3C969}"
EndProject
Project("{FAE04EC0-301F-11D3-BF4B-00C04F79EFBC}") = "p04_Trainlands", "p04_Trainlands\p04_Trainlands.csproj", "{4D057E08-F4D5-4E35-AA89-FD9C5E8F5AA5}"
EndProject
Global
	GlobalSection(SolutionConfigurationPlatforms) = preSolution
		Debug|Any CPU = Debug|Any CPU
		Release|Any CPU = Release|Any CPU
	EndGlobalSection
	GlobalSection(ProjectConfigurationPlatforms) = postSolution
		{14ECE326-EE64-460C-B2EB-27E4234A80B4}.Debug|Any CPU.ActiveCfg = Debug|Any CPU
		{14ECE326-EE64-460C-B2EB-27E4234A80B4}.Debug|Any CPU.Build.0 = Debug|Any CPU
		{14ECE326-EE64-460C-B2EB-27E4234A80B4}.Release|Any CPU.ActiveCfg = Release|Any CPU
		{14ECE326-EE64-460C-B2EB-27E4234A80B4}.Release|Any CPU.Build.0 = Release|Any CPU
		{45D38DCF-7608-45E9-8910-916A5AE27C60}.Debug|Any CPU.ActiveCfg = Debug|Any CPU
		{45D38DCF-7608-45E9-8910-916A5AE27C60}.Debug|Any CPU.Build.0 = Debug|Any CPU
		{45D38DCF-7608-45E9-8910-916A5AE27C60}.Release|Any CPU.ActiveCfg = Release|Any CPU
		{45D38DCF-7608-45E9-8910-916A5AE27C60}.Release|Any CPU.Build.0 = Release|Any CPU
		{AC9A20C8-7EC0-40DB-836B-E0968EF3C969}.Debug|Any CPU.ActiveCfg = Debug|Any CPU
		{AC9A20C8-7EC0-40DB-836B-E0968EF3C969}.Debug|Any CPU.Build.0 = Debug|Any CPU
		{AC9A20C8-7EC0-40DB-836B-E0968EF3C969}.Release|Any CPU.ActiveCfg = Release|Any CPU
		{AC9A20C8-7EC0-40DB-836B-E0968EF3C969}.Release|Any CPU.Build.0 = Release|Any CPU
		{4D057E08-F4D5-4E35-AA89-FD9C5E8F5AA5}.Debug|Any CPU.ActiveCfg = Debug|Any CPU
		{4D057E08-F4D5-4E35-AA89-FD9C5E8F5AA5}.Debug|Any CPU.Build.0 = Debug|Any CPU
		{4D057E08-F4D5-4E35-AA89-FD9C5E8F5AA5}.Release|Any CPU.ActiveCfg = Release|Any CPU
		{4D057E08-F4D5-4E35-AA89-FD9C5E8F5AA5}.Release|Any CPU.Build.0 = Release|Any CPU
	EndGlobalSection
	GlobalSection(SolutionProperties) = preSolution
		HideSolutionNode = FALSE
	EndGlobalSection
	GlobalSection(ExtensibilityGlobals) = postSolution
		SolutionGuid = {E44E2F33-1BDD-48DE-8E6F-96B62ABF0C0F}
	EndGlobalSection
EndGlobal
