
Microsoft Visual Studio Solution File, Format Version 12.00
# Visual Studio 15
VisualStudioVersion = 15.0.27428.2015
MinimumVisualStudioVersion = 10.0.40219.1
Project("{FAE04EC0-301F-11D3-BF4B-00C04F79EFBC}") = "FilesAndExceptions", "FilesAndExceptions\FilesAndExceptions.csproj", "{9C2287A6-B83F-4CFE-AE23-88A27CEE873C}"
EndProject
Global
	GlobalSection(SolutionConfigurationPlatforms) = preSolution
		Debug|Any CPU = Debug|Any CPU
		Release|Any CPU = Release|Any CPU
	EndGlobalSection
	GlobalSection(ProjectConfigurationPlatforms) = postSolution
		{9C2287A6-B83F-4CFE-AE23-88A27CEE873C}.Debug|Any CPU.ActiveCfg = Debug|Any CPU
		{9C2287A6-B83F-4CFE-AE23-88A27CEE873C}.Debug|Any CPU.Build.0 = Debug|Any CPU
		{9C2287A6-B83F-4CFE-AE23-88A27CEE873C}.Release|Any CPU.ActiveCfg = Release|Any CPU
		{9C2287A6-B83F-4CFE-AE23-88A27CEE873C}.Release|Any CPU.Build.0 = Release|Any CPU
	EndGlobalSection
	GlobalSection(SolutionProperties) = preSolution
		HideSolutionNode = FALSE
	EndGlobalSection
	GlobalSection(ExtensibilityGlobals) = postSolution
		SolutionGuid = {35ED8F6F-B9CD-495D-82C7-34392C9E97ED}
	EndGlobalSection
EndGlobal
