
Microsoft Visual Studio Solution File, Format Version 12.00
# Visual Studio 15
VisualStudioVersion = 15.0.27130.2036
MinimumVisualStudioVersion = 10.0.40219.1
Project("{9A19103F-16F7-4668-BE54-9A1E7A4F7556}") = "p01_ArrayStatistics", "ArraysMoreExercises\p01_ArrayStatistics.csproj", "{2A246383-DB27-434C-A7F0-D0FFE0450E1F}"
EndProject
Project("{9A19103F-16F7-4668-BE54-9A1E7A4F7556}") = "p02_ManipulateArray", "p02_ManipulateArray\p02_ManipulateArray.csproj", "{57161F8F-D8E2-4CAE-A372-F14E6CFA1560}"
EndProject
Project("{9A19103F-16F7-4668-BE54-9A1E7A4F7556}") = "p03_SafeManipulation", "p03_SafeManipulation\p03_SafeManipulation.csproj", "{3C099B39-3FAA-4C00-B1DF-93257E16FE40}"
EndProject
Project("{9A19103F-16F7-4668-BE54-9A1E7A4F7556}") = "p04_GrabAndGo", "p04_GrabAndGo\p04_GrabAndGo.csproj", "{E81544DC-376D-403A-B6EE-9CEF7A7ED9A8}"
EndProject
Project("{FAE04EC0-301F-11D3-BF4B-00C04F79EFBC}") = "p05_PizzaIngredients", "p05_PizzaIngredients\p05_PizzaIngredients.csproj", "{8AB20EBA-B721-4792-963B-29263868EBF0}"
EndProject
Project("{FAE04EC0-301F-11D3-BF4B-00C04F79EFBC}") = "p06_Heist", "p06_Heist\p06_Heist.csproj", "{148B379C-413A-4132-BF3E-B81810961983}"
EndProject
Project("{FAE04EC0-301F-11D3-BF4B-00C04F79EFBC}") = "p07_InventoryMatcher", "p07_InventoryMatcher\p07_InventoryMatcher.csproj", "{86A2EF14-F602-43DA-BFE4-EDA6A1614488}"
EndProject
Project("{FAE04EC0-301F-11D3-BF4B-00C04F79EFBC}") = "p08_UpgradedMatcher", "p08_UpgradedMatcher\p08_UpgradedMatcher.csproj", "{8AB8AB84-5F77-4D8E-AF29-58ABBC766CFA}"
EndProject
Global
	GlobalSection(SolutionConfigurationPlatforms) = preSolution
		Debug|Any CPU = Debug|Any CPU
		Release|Any CPU = Release|Any CPU
	EndGlobalSection
	GlobalSection(ProjectConfigurationPlatforms) = postSolution
		{2A246383-DB27-434C-A7F0-D0FFE0450E1F}.Debug|Any CPU.ActiveCfg = Debug|Any CPU
		{2A246383-DB27-434C-A7F0-D0FFE0450E1F}.Debug|Any CPU.Build.0 = Debug|Any CPU
		{2A246383-DB27-434C-A7F0-D0FFE0450E1F}.Release|Any CPU.ActiveCfg = Release|Any CPU
		{2A246383-DB27-434C-A7F0-D0FFE0450E1F}.Release|Any CPU.Build.0 = Release|Any CPU
		{57161F8F-D8E2-4CAE-A372-F14E6CFA1560}.Debug|Any CPU.ActiveCfg = Debug|Any CPU
		{57161F8F-D8E2-4CAE-A372-F14E6CFA1560}.Debug|Any CPU.Build.0 = Debug|Any CPU
		{57161F8F-D8E2-4CAE-A372-F14E6CFA1560}.Release|Any CPU.ActiveCfg = Release|Any CPU
		{57161F8F-D8E2-4CAE-A372-F14E6CFA1560}.Release|Any CPU.Build.0 = Release|Any CPU
		{3C099B39-3FAA-4C00-B1DF-93257E16FE40}.Debug|Any CPU.ActiveCfg = Debug|Any CPU
		{3C099B39-3FAA-4C00-B1DF-93257E16FE40}.Debug|Any CPU.Build.0 = Debug|Any CPU
		{3C099B39-3FAA-4C00-B1DF-93257E16FE40}.Release|Any CPU.ActiveCfg = Release|Any CPU
		{3C099B39-3FAA-4C00-B1DF-93257E16FE40}.Release|Any CPU.Build.0 = Release|Any CPU
		{E81544DC-376D-403A-B6EE-9CEF7A7ED9A8}.Debug|Any CPU.ActiveCfg = Debug|Any CPU
		{E81544DC-376D-403A-B6EE-9CEF7A7ED9A8}.Debug|Any CPU.Build.0 = Debug|Any CPU
		{E81544DC-376D-403A-B6EE-9CEF7A7ED9A8}.Release|Any CPU.ActiveCfg = Release|Any CPU
		{E81544DC-376D-403A-B6EE-9CEF7A7ED9A8}.Release|Any CPU.Build.0 = Release|Any CPU
		{8AB20EBA-B721-4792-963B-29263868EBF0}.Debug|Any CPU.ActiveCfg = Debug|Any CPU
		{8AB20EBA-B721-4792-963B-29263868EBF0}.Debug|Any CPU.Build.0 = Debug|Any CPU
		{8AB20EBA-B721-4792-963B-29263868EBF0}.Release|Any CPU.ActiveCfg = Release|Any CPU
		{8AB20EBA-B721-4792-963B-29263868EBF0}.Release|Any CPU.Build.0 = Release|Any CPU
		{148B379C-413A-4132-BF3E-B81810961983}.Debug|Any CPU.ActiveCfg = Debug|Any CPU
		{148B379C-413A-4132-BF3E-B81810961983}.Debug|Any CPU.Build.0 = Debug|Any CPU
		{148B379C-413A-4132-BF3E-B81810961983}.Release|Any CPU.ActiveCfg = Release|Any CPU
		{148B379C-413A-4132-BF3E-B81810961983}.Release|Any CPU.Build.0 = Release|Any CPU
		{86A2EF14-F602-43DA-BFE4-EDA6A1614488}.Debug|Any CPU.ActiveCfg = Debug|Any CPU
		{86A2EF14-F602-43DA-BFE4-EDA6A1614488}.Debug|Any CPU.Build.0 = Debug|Any CPU
		{86A2EF14-F602-43DA-BFE4-EDA6A1614488}.Release|Any CPU.ActiveCfg = Release|Any CPU
		{86A2EF14-F602-43DA-BFE4-EDA6A1614488}.Release|Any CPU.Build.0 = Release|Any CPU
		{8AB8AB84-5F77-4D8E-AF29-58ABBC766CFA}.Debug|Any CPU.ActiveCfg = Debug|Any CPU
		{8AB8AB84-5F77-4D8E-AF29-58ABBC766CFA}.Debug|Any CPU.Build.0 = Debug|Any CPU
		{8AB8AB84-5F77-4D8E-AF29-58ABBC766CFA}.Release|Any CPU.ActiveCfg = Release|Any CPU
		{8AB8AB84-5F77-4D8E-AF29-58ABBC766CFA}.Release|Any CPU.Build.0 = Release|Any CPU
	EndGlobalSection
	GlobalSection(SolutionProperties) = preSolution
		HideSolutionNode = FALSE
	EndGlobalSection
	GlobalSection(ExtensibilityGlobals) = postSolution
		SolutionGuid = {88422E4E-7181-4A59-8064-4DD476378AC6}
	EndGlobalSection
EndGlobal
